# This file was autogenerated by Stack.
# You should not edit this file by hand.
# For more information, please see the documentation at:
#   https://docs.haskellstack.org/en/stable/lock_files

packages:
- completed:
    name: srtree
    version: 0.1.0.0
    git: https://github.com/folivetti/srtree.git
    pantry-tree:
      size: 817
      sha256: 68ec5362e46f6d8dd41f022e42a6edf0563497e9bd58ef3213d3e4312ab7c1e5
    commit: f19a1d1e70029a609ba47f9cf010b9ca381df043
  original:
    git: https://github.com/folivetti/srtree.git
    commit: f19a1d1e70029a609ba47f9cf010b9ca381df043
snapshots:
- completed:
    size: 586296
    url: https://raw.githubusercontent.com/commercialhaskell/stackage-snapshots/master/lts/18/18.yaml
    sha256: 63539429076b7ebbab6daa7656cfb079393bf644971156dc349d7c0453694ac2
  original:
    url: https://raw.githubusercontent.com/commercialhaskell/stackage-snapshots/master/lts/18/18.yaml
