# This file was autogenerated by Stack.
# You should not edit this file by hand.
# For more information, please see the documentation at:
#   https://docs.haskellstack.org/en/stable/lock_files

packages:
- completed:
    name: srtree
    version: 0.1.0.0
    git: https://github.com/folivetti/srtree.git
    pantry-tree:
      size: 817
      sha256: 7ed2d4b537cac5811aad395d55b659d4a239a26c5fc8fc91b7aa134f46391d9c
    commit: 3af67584e07f8c197b5e6960b583f29ee045bb3a
  original:
    git: https://github.com/folivetti/srtree.git
    commit: 3af67584e07f8c197b5e6960b583f29ee045bb3a
snapshots:
- completed:
    size: 586296
    url: https://raw.githubusercontent.com/commercialhaskell/stackage-snapshots/master/lts/18/18.yaml
    sha256: 63539429076b7ebbab6daa7656cfb079393bf644971156dc349d7c0453694ac2
  original:
    url: https://raw.githubusercontent.com/commercialhaskell/stackage-snapshots/master/lts/18/18.yaml
